
Microsoft Visual Studio Solution File, Format Version 12.00
# Visual Studio Version 17
VisualStudioVersion = 17.9.34728.123
MinimumVisualStudioVersion = 10.0.40219.1
Project("{FAE04EC0-301F-11D3-BF4B-00C04F79EFBC}") = "MyEmployeeApi", "MyEmployeeApi\MyEmployeeApi.csproj", "{9D22C17F-ACF8-444D-9525-E2753E2B15C6}"
EndProject
Global
	GlobalSection(SolutionConfigurationPlatforms) = preSolution
		Debug|Any CPU = Debug|Any CPU
		Release|Any CPU = Release|Any CPU
	EndGlobalSection
	GlobalSection(ProjectConfigurationPlatforms) = postSolution
		{9D22C17F-ACF8-444D-9525-E2753E2B15C6}.Debug|Any CPU.ActiveCfg = Debug|Any CPU
		{9D22C17F-ACF8-444D-9525-E2753E2B15C6}.Debug|Any CPU.Build.0 = Debug|Any CPU
		{9D22C17F-ACF8-444D-9525-E2753E2B15C6}.Release|Any CPU.ActiveCfg = Release|Any CPU
		{9D22C17F-ACF8-444D-9525-E2753E2B15C6}.Release|Any CPU.Build.0 = Release|Any CPU
	EndGlobalSection
	GlobalSection(SolutionProperties) = preSolution
		HideSolutionNode = FALSE
	EndGlobalSection
	GlobalSection(ExtensibilityGlobals) = postSolution
		SolutionGuid = {29D7E0E3-C83A-4A6E-91A6-053338051C30}
	EndGlobalSection
EndGlobal
